// !$*UTF8*$!
{
	archiveVersion = 1;
	classes = {
	};
	objectVersion = 46;
	objects = {

/* Begin PBXBuildFile section */
		769944D71ED3D61B00439D05 /* AppDelegate.swift in Sources */ = {isa = PBXBuildFile; fileRef = 769944D61ED3D61B00439D05 /* AppDelegate.swift */; };
		769944D91ED3D61B00439D05 /* ViewController.swift in Sources */ = {isa = PBXBuildFile; fileRef = 769944D81ED3D61B00439D05 /* ViewController.swift */; };
		769944DC1ED3D61B00439D05 /* Main.storyboard in Resources */ = {isa = PBXBuildFile; fileRef = 769944DA1ED3D61B00439D05 /* Main.storyboard */; };
		769944DE1ED3D61B00439D05 /* Assets.xcassets in Resources */ = {isa = PBXBuildFile; fileRef = 769944DD1ED3D61B00439D05 /* Assets.xcassets */; };
		769944E11ED3D61B00439D05 /* LaunchScreen.storyboard in Resources */ = {isa = PBXBuildFile; fileRef = 769944DF1ED3D61B00439D05 /* LaunchScreen.storyboard */; };
		769944EC1ED3D61B00439D05 /* PageTheScrollTests.swift in Sources */ = {isa = PBXBuildFile; fileRef = 769944EB1ED3D61B00439D05 /* PageTheScrollTests.swift */; };
		769944F71ED3D61B00439D05 /* PageTheScrollUITests.swift in Sources */ = {isa = PBXBuildFile; fileRef = 769944F61ED3D61B00439D05 /* PageTheScrollUITests.swift */; };
/* End PBXBuildFile section */

/* Begin PBXContainerItemProxy section */
		769944E81ED3D61B00439D05 /* PBXContainerItemProxy */ = {
			isa = PBXContainerItemProxy;
			containerPortal = 769944CB1ED3D61B00439D05 /* Project object */;
			proxyType = 1;
			remoteGlobalIDString = 769944D21ED3D61B00439D05;
			remoteInfo = PageTheScroll;
		};
		769944F31ED3D61B00439D05 /* PBXContainerItemProxy */ = {
			isa = PBXContainerItemProxy;
			containerPortal = 769944CB1ED3D61B00439D05 /* Project object */;
			proxyType = 1;
			remoteGlobalIDString = 769944D21ED3D61B00439D05;
			remoteInfo = PageTheScroll;
		};
/* End PBXContainerItemProxy section */

/* Begin PBXFileReference section */
		769944D31ED3D61B00439D05 /* PageTheScroll.app */ = {isa = PBXFileReference; explicitFileType = wrapper.application; includeInIndex = 0; path = PageTheScroll.app; sourceTree = BUILT_PRODUCTS_DIR; };
		769944D61ED3D61B00439D05 /* AppDelegate.swift */ = {isa = PBXFileReference; lastKnownFileType = sourcecode.swift; path = AppDelegate.swift; sourceTree = "<group>"; };
		769944D81ED3D61B00439D05 /* ViewController.swift */ = {isa = PBXFileReference; lastKnownFileType = sourcecode.swift; path = ViewController.swift; sourceTree = "<group>"; };
		769944DB1ED3D61B00439D05 /* Base */ = {isa = PBXFileReference; lastKnownFileType = file.storyboard; name = Base; path = Base.lproj/Main.storyboard; sourceTree = "<group>"; };
		769944DD1ED3D61B00439D05 /* Assets.xcassets */ = {isa = PBXFileReference; lastKnownFileType = folder.assetcatalog; path = Assets.xcassets; sourceTree = "<group>"; };
		769944E01ED3D61B00439D05 /* Base */ = {isa = PBXFileReference; lastKnownFileType = file.storyboard; name = Base; path = Base.lproj/LaunchScreen.storyboard; sourceTree = "<group>"; };
		769944E21ED3D61B00439D05 /* Info.plist */ = {isa = PBXFileReference; lastKnownFileType = text.plist.xml; path = Info.plist; sourceTree = "<group>"; };
		769944E71ED3D61B00439D05 /* PageTheScrollTests.xctest */ = {isa = PBXFileReference; explicitFileType = wrapper.cfbundle; includeInIndex = 0; path = PageTheScrollTests.xctest; sourceTree = BUILT_PRODUCTS_DIR; };
		769944EB1ED3D61B00439D05 /* PageTheScrollTests.swift */ = {isa = PBXFileReference; lastKnownFileType = sourcecode.swift; path = PageTheScrollTests.swift; sourceTree = "<group>"; };
		769944ED1ED3D61B00439D05 /* Info.plist */ = {isa = PBXFileReference; lastKnownFileType = text.plist.xml; path = Info.plist; sourceTree = "<group>"; };
		769944F21ED3D61B00439D05 /* PageTheScrollUITests.xctest */ = {isa = PBXFileReference; explicitFileType = wrapper.cfbundle; includeInIndex = 0; path = PageTheScrollUITests.xctest; sourceTree = BUILT_PRODUCTS_DIR; };
		769944F61ED3D61B00439D05 /* PageTheScrollUITests.swift */ = {isa = PBXFileReference; lastKnownFileType = sourcecode.swift; path = PageTheScrollUITests.swift; sourceTree = "<group>"; };
		769944F81ED3D61B00439D05 /* Info.plist */ = {isa = PBXFileReference; lastKnownFileType = text.plist.xml; path = Info.plist; sourceTree = "<group>"; };
/* End PBXFileReference section */

/* Begin PBXFrameworksBuildPhase section */
		769944D01ED3D61B00439D05 /* Frameworks */ = {
			isa = PBXFrameworksBuildPhase;
			buildActionMask = 2147483647;
			files = (
			);
			runOnlyForDeploymentPostprocessing = 0;
		};
		769944E41ED3D61B00439D05 /* Frameworks */ = {
			isa = PBXFrameworksBuildPhase;
			buildActionMask = 2147483647;
			files = (
			);
			runOnlyForDeploymentPostprocessing = 0;
		};
		769944EF1ED3D61B00439D05 /* Frameworks */ = {
			isa = PBXFrameworksBuildPhase;
			buildActionMask = 2147483647;
			files = (
			);
			runOnlyForDeploymentPostprocessing = 0;
		};
/* End PBXFrameworksBuildPhase section */

/* Begin PBXGroup section */
		769944CA1ED3D61B00439D05 = {
			isa = PBXGroup;
			children = (
				769944D51ED3D61B00439D05 /* PageTheScroll */,
				769944EA1ED3D61B00439D05 /* PageTheScrollTests */,
				769944F51ED3D61B00439D05 /* PageTheScrollUITests */,
				769944D41ED3D61B00439D05 /* Products */,
			);
			sourceTree = "<group>";
		};
		769944D41ED3D61B00439D05 /* Products */ = {
			isa = PBXGroup;
			children = (
				769944D31ED3D61B00439D05 /* PageTheScroll.app */,
				769944E71ED3D61B00439D05 /* PageTheScrollTests.xctest */,
				769944F21ED3D61B00439D05 /* PageTheScrollUITests.xctest */,
			);
			name = Products;
			sourceTree = "<group>";
		};
		769944D51ED3D61B00439D05 /* PageTheScroll */ = {
			isa = PBXGroup;
			children = (
				769944D61ED3D61B00439D05 /* AppDelegate.swift */,
				769944D81ED3D61B00439D05 /* ViewController.swift */,
				769944DA1ED3D61B00439D05 /* Main.storyboard */,
				769944DD1ED3D61B00439D05 /* Assets.xcassets */,
				769944DF1ED3D61B00439D05 /* LaunchScreen.storyboard */,
				769944E21ED3D61B00439D05 /* Info.plist */,
			);
			path = PageTheScroll;
			sourceTree = "<group>";
		};
		769944EA1ED3D61B00439D05 /* PageTheScrollTests */ = {
			isa = PBXGroup;
			children = (
				769944EB1ED3D61B00439D05 /* PageTheScrollTests.swift */,
				769944ED1ED3D61B00439D05 /* Info.plist */,
			);
			path = PageTheScrollTests;
			sourceTree = "<group>";
		};
		769944F51ED3D61B00439D05 /* PageTheScrollUITests */ = {
			isa = PBXGroup;
			children = (
				769944F61ED3D61B00439D05 /* PageTheScrollUITests.swift */,
				769944F81ED3D61B00439D05 /* Info.plist */,
			);
			path = PageTheScrollUITests;
			sourceTree = "<group>";
		};
/* End PBXGroup section */

/* Begin PBXNativeTarget section */
		769944D21ED3D61B00439D05 /* PageTheScroll */ = {
			isa = PBXNativeTarget;
			buildConfigurationList = 769944FB1ED3D61B00439D05 /* Build configuration list for PBXNativeTarget "PageTheScroll" */;
			buildPhases = (
				769944CF1ED3D61B00439D05 /* Sources */,
				769944D01ED3D61B00439D05 /* Frameworks */,
				769944D11ED3D61B00439D05 /* Resources */,
			);
			buildRules = (
			);
			dependencies = (
			);
			name = PageTheScroll;
			productName = PageTheScroll;
			productReference = 769944D31ED3D61B00439D05 /* PageTheScroll.app */;
			productType = "com.apple.product-type.application";
		};
		769944E61ED3D61B00439D05 /* PageTheScrollTests */ = {
			isa = PBXNativeTarget;
			buildConfigurationList = 769944FE1ED3D61B00439D05 /* Build configuration list for PBXNativeTarget "PageTheScrollTests" */;
			buildPhases = (
				769944E31ED3D61B00439D05 /* Sources */,
				769944E41ED3D61B00439D05 /* Frameworks */,
				769944E51ED3D61B00439D05 /* Resources */,
			);
			buildRules = (
			);
			dependencies = (
				769944E91ED3D61B00439D05 /* PBXTargetDependency */,
			);
			name = PageTheScrollTests;
			productName = PageTheScrollTests;
			productReference = 769944E71ED3D61B00439D05 /* PageTheScrollTests.xctest */;
			productType = "com.apple.product-type.bundle.unit-test";
		};
		769944F11ED3D61B00439D05 /* PageTheScrollUITests */ = {
			isa = PBXNativeTarget;
			buildConfigurationList = 769945011ED3D61B00439D05 /* Build configuration list for PBXNativeTarget "PageTheScrollUITests" */;
			buildPhases = (
				769944EE1ED3D61B00439D05 /* Sources */,
				769944EF1ED3D61B00439D05 /* Frameworks */,
				769944F01ED3D61B00439D05 /* Resources */,
			);
			buildRules = (
			);
			dependencies = (
				769944F41ED3D61B00439D05 /* PBXTargetDependency */,
			);
			name = PageTheScrollUITests;
			productName = PageTheScrollUITests;
			productReference = 769944F21ED3D61B00439D05 /* PageTheScrollUITests.xctest */;
			productType = "com.apple.product-type.bundle.ui-testing";
		};
/* End PBXNativeTarget section */

/* Begin PBXProject section */
		769944CB1ED3D61B00439D05 /* Project object */ = {
			isa = PBXProject;
			attributes = {
				LastSwiftUpdateCheck = 0830;
				LastUpgradeCheck = 0830;
				ORGANIZATIONNAME = "Zack Falgout";
				TargetAttributes = {
					769944D21ED3D61B00439D05 = {
						CreatedOnToolsVersion = 8.3.2;
						ProvisioningStyle = Automatic;
					};
					769944E61ED3D61B00439D05 = {
						CreatedOnToolsVersion = 8.3.2;
						ProvisioningStyle = Automatic;
						TestTargetID = 769944D21ED3D61B00439D05;
					};
					769944F11ED3D61B00439D05 = {
						CreatedOnToolsVersion = 8.3.2;
						ProvisioningStyle = Automatic;
						TestTargetID = 769944D21ED3D61B00439D05;
					};
				};
			};
			buildConfigurationList = 769944CE1ED3D61B00439D05 /* Build configuration list for PBXProject "PageTheScroll" */;
			compatibilityVersion = "Xcode 3.2";
			developmentRegion = English;
			hasScannedForEncodings = 0;
			knownRegions = (
				en,
				Base,
			);
			mainGroup = 769944CA1ED3D61B00439D05;
			productRefGroup = 769944D41ED3D61B00439D05 /* Products */;
			projectDirPath = "";
			projectRoot = "";
			targets = (
				769944D21ED3D61B00439D05 /* PageTheScroll */,
				769944E61ED3D61B00439D05 /* PageTheScrollTests */,
				769944F11ED3D61B00439D05 /* PageTheScrollUITests */,
			);
		};
/* End PBXProject section */

/* Begin PBXResourcesBuildPhase section */
		769944D11ED3D61B00439D05 /* Resources */ = {
			isa = PBXResourcesBuildPhase;
			buildActionMask = 2147483647;
			files = (
				769944E11ED3D61B00439D05 /* LaunchScreen.storyboard in Resources */,
				769944DE1ED3D61B00439D05 /* Assets.xcassets in Resources */,
				769944DC1ED3D61B00439D05 /* Main.storyboard in Resources */,
			);
			runOnlyForDeploymentPostprocessing = 0;
		};
		769944E51ED3D61B00439D05 /* Resources */ = {
			isa = PBXResourcesBuildPhase;
			buildActionMask = 2147483647;
			files = (
			);
			runOnlyForDeploymentPostprocessing = 0;
		};
		769944F01ED3D61B00439D05 /* Resources */ = {
			isa = PBXResourcesBuildPhase;
			buildActionMask = 2147483647;
			files = (
			);
			runOnlyForDeploymentPostprocessing = 0;
		};
/* End PBXResourcesBuildPhase section */

/* Begin PBXSourcesBuildPhase section */
		769944CF1ED3D61B00439D05 /* Sources */ = {
			isa = PBXSourcesBuildPhase;
			buildActionMask = 2147483647;
			files = (
				769944D91ED3D61B00439D05 /* ViewController.swift in Sources */,
				769944D71ED3D61B00439D05 /* AppDelegate.swift in Sources */,
			);
			runOnlyForDeploymentPostprocessing = 0;
		};
		769944E31ED3D61B00439D05 /* Sources */ = {
			isa = PBXSourcesBuildPhase;
			buildActionMask = 2147483647;
			files = (
				769944EC1ED3D61B00439D05 /* PageTheScrollTests.swift in Sources */,
			);
			runOnlyForDeploymentPostprocessing = 0;
		};
		769944EE1ED3D61B00439D05 /* Sources */ = {
			isa = PBXSourcesBuildPhase;
			buildActionMask = 2147483647;
			files = (
				769944F71ED3D61B00439D05 /* PageTheScrollUITests.swift in Sources */,
			);
			runOnlyForDeploymentPostprocessing = 0;
		};
/* End PBXSourcesBuildPhase section */

/* Begin PBXTargetDependency section */
		769944E91ED3D61B00439D05 /* PBXTargetDependency */ = {
			isa = PBXTargetDependency;
			target = 769944D21ED3D61B00439D05 /* PageTheScroll */;
			targetProxy = 769944E81ED3D61B00439D05 /* PBXContainerItemProxy */;
		};
		769944F41ED3D61B00439D05 /* PBXTargetDependency */ = {
			isa = PBXTargetDependency;
			target = 769944D21ED3D61B00439D05 /* PageTheScroll */;
			targetProxy = 769944F31ED3D61B00439D05 /* PBXContainerItemProxy */;
		};
/* End PBXTargetDependency section */

/* Begin PBXVariantGroup section */
		769944DA1ED3D61B00439D05 /* Main.storyboard */ = {
			isa = PBXVariantGroup;
			children = (
				769944DB1ED3D61B00439D05 /* Base */,
			);
			name = Main.storyboard;
			sourceTree = "<group>";
		};
		769944DF1ED3D61B00439D05 /* LaunchScreen.storyboard */ = {
			isa = PBXVariantGroup;
			children = (
				769944E01ED3D61B00439D05 /* Base */,
			);
			name = LaunchScreen.storyboard;
			sourceTree = "<group>";
		};
/* End PBXVariantGroup section */

/* Begin XCBuildConfiguration section */
		769944F91ED3D61B00439D05 /* Debug */ = {
			isa = XCBuildConfiguration;
			buildSettings = {
				ALWAYS_SEARCH_USER_PATHS = NO;
				CLANG_ANALYZER_NONNULL = YES;
				CLANG_ANALYZER_NUMBER_OBJECT_CONVERSION = YES_AGGRESSIVE;
				CLANG_CXX_LANGUAGE_STANDARD = "gnu++0x";
				CLANG_CXX_LIBRARY = "libc++";
				CLANG_ENABLE_MODULES = YES;
				CLANG_ENABLE_OBJC_ARC = YES;
				CLANG_WARN_BOOL_CONVERSION = YES;
				CLANG_WARN_CONSTANT_CONVERSION = YES;
				CLANG_WARN_DIRECT_OBJC_ISA_USAGE = YES_ERROR;
				CLANG_WARN_DOCUMENTATION_COMMENTS = YES;
				CLANG_WARN_EMPTY_BODY = YES;
				CLANG_WARN_ENUM_CONVERSION = YES;
				CLANG_WARN_INFINITE_RECURSION = YES;
				CLANG_WARN_INT_CONVERSION = YES;
				CLANG_WARN_OBJC_ROOT_CLASS = YES_ERROR;
				CLANG_WARN_SUSPICIOUS_MOVE = YES;
				CLANG_WARN_UNREACHABLE_CODE = YES;
				CLANG_WARN__DUPLICATE_METHOD_MATCH = YES;
				"CODE_SIGN_IDENTITY[sdk=iphoneos*]" = "iPhone Developer";
				COPY_PHASE_STRIP = NO;
				DEBUG_INFORMATION_FORMAT = dwarf;
				ENABLE_STRICT_OBJC_MSGSEND = YES;
				ENABLE_TESTABILITY = YES;
				GCC_C_LANGUAGE_STANDARD = gnu99;
				GCC_DYNAMIC_NO_PIC = NO;
				GCC_NO_COMMON_BLOCKS = YES;
				GCC_OPTIMIZATION_LEVEL = 0;
				GCC_PREPROCESSOR_DEFINITIONS = (
					"DEBUG=1",
					"$(inherited)",
				);
				GCC_WARN_64_TO_32_BIT_CONVERSION = YES;
				GCC_WARN_ABOUT_RETURN_TYPE = YES_ERROR;
				GCC_WARN_UNDECLARED_SELECTOR = YES;
				GCC_WARN_UNINITIALIZED_AUTOS = YES_AGGRESSIVE;
				GCC_WARN_UNUSED_FUNCTION = YES;
				GCC_WARN_UNUSED_VARIABLE = YES;
				IPHONEOS_DEPLOYMENT_TARGET = 10.3;
				MTL_ENABLE_DEBUG_INFO = YES;
				ONLY_ACTIVE_ARCH = YES;
				SDKROOT = iphoneos;
				SWIFT_ACTIVE_COMPILATION_CONDITIONS = DEBUG;
				SWIFT_OPTIMIZATION_LEVEL = "-Onone";
				TARGETED_DEVICE_FAMILY = "1,2";
			};
			name = Debug;
		};
		769944FA1ED3D61B00439D05 /* Release */ = {
			isa = XCBuildConfiguration;
			buildSettings = {
				ALWAYS_SEARCH_USER_PATHS = NO;
				CLANG_ANALYZER_NONNULL = YES;
				CLANG_ANALYZER_NUMBER_OBJECT_CONVERSION = YES_AGGRESSIVE;
				CLANG_CXX_LANGUAGE_STANDARD = "gnu++0x";
				CLANG_CXX_LIBRARY = "libc++";
				CLANG_ENABLE_MODULES = YES;
				CLANG_ENABLE_OBJC_ARC = YES;
				CLANG_WARN_BOOL_CONVERSION = YES;
				CLANG_WARN_CONSTANT_CONVERSION = YES;
				CLANG_WARN_DIRECT_OBJC_ISA_USAGE = YES_ERROR;
				CLANG_WARN_DOCUMENTATION_COMMENTS = YES;
				CLANG_WARN_EMPTY_BODY = YES;
				CLANG_WARN_ENUM_CONVERSION = YES;
				CLANG_WARN_INFINITE_RECURSION = YES;
				CLANG_WARN_INT_CONVERSION = YES;
				CLANG_WARN_OBJC_ROOT_CLASS = YES_ERROR;
				CLANG_WARN_SUSPICIOUS_MOVE = YES;
				CLANG_WARN_UNREACHABLE_CODE = YES;
				CLANG_WARN__DUPLICATE_METHOD_MATCH = YES;
				"CODE_SIGN_IDENTITY[sdk=iphoneos*]" = "iPhone Developer";
				COPY_PHASE_STRIP = NO;
				DEBUG_INFORMATION_FORMAT = "dwarf-with-dsym";
				ENABLE_NS_ASSERTIONS = NO;
				ENABLE_STRICT_OBJC_MSGSEND = YES;
				GCC_C_LANGUAGE_STANDARD = gnu99;
				GCC_NO_COMMON_BLOCKS = YES;
				GCC_WARN_64_TO_32_BIT_CONVERSION = YES;
				GCC_WARN_ABOUT_RETURN_TYPE = YES_ERROR;
				GCC_WARN_UNDECLARED_SELECTOR = YES;
				GCC_WARN_UNINITIALIZED_AUTOS = YES_AGGRESSIVE;
				GCC_WARN_UNUSED_FUNCTION = YES;
				GCC_WARN_UNUSED_VARIABLE = YES;
				IPHONEOS_DEPLOYMENT_TARGET = 10.3;
				MTL_ENABLE_DEBUG_INFO = NO;
				SDKROOT = iphoneos;
				SWIFT_OPTIMIZATION_LEVEL = "-Owholemodule";
				TARGETED_DEVICE_FAMILY = "1,2";
				VALIDATE_PRODUCT = YES;
			};
			name = Release;
		};
		769944FC1ED3D61B00439D05 /* Debug */ = {
			isa = XCBuildConfiguration;
			buildSettings = {
				ASSETCATALOG_COMPILER_APPICON_NAME = AppIcon;
				INFOPLIST_FILE = PageTheScroll/Info.plist;
				LD_RUNPATH_SEARCH_PATHS = "$(inherited) @executable_path/Frameworks";
				PRODUCT_BUNDLE_IDENTIFIER = com.cyberpenguin.PageTheScroll;
				PRODUCT_NAME = "$(TARGET_NAME)";
				SWIFT_VERSION = 3.0;
			};
			name = Debug;
		};
		769944FD1ED3D61B00439D05 /* Release */ = {
			isa = XCBuildConfiguration;
			buildSettings = {
				ASSETCATALOG_COMPILER_APPICON_NAME = AppIcon;
				INFOPLIST_FILE = PageTheScroll/Info.plist;
				LD_RUNPATH_SEARCH_PATHS = "$(inherited) @executable_path/Frameworks";
				PRODUCT_BUNDLE_IDENTIFIER = com.cyberpenguin.PageTheScroll;
				PRODUCT_NAME = "$(TARGET_NAME)";
				SWIFT_VERSION = 3.0;
			};
			name = Release;
		};
		769944FF1ED3D61B00439D05 /* Debug */ = {
			isa = XCBuildConfiguration;
			buildSettings = {
				ALWAYS_EMBED_SWIFT_STANDARD_LIBRARIES = YES;
				BUNDLE_LOADER = "$(TEST_HOST)";
				INFOPLIST_FILE = PageTheScrollTests/Info.plist;
				LD_RUNPATH_SEARCH_PATHS = "$(inherited) @executable_path/Frameworks @loader_path/Frameworks";
				PRODUCT_BUNDLE_IDENTIFIER = com.cyberpenguin.PageTheScrollTests;
				PRODUCT_NAME = "$(TARGET_NAME)";
				SWIFT_VERSION = 3.0;
				TEST_HOST = "$(BUILT_PRODUCTS_DIR)/PageTheScroll.app/PageTheScroll";
			};
			name = Debug;
		};
		769945001ED3D61B00439D05 /* Release */ = {
			isa = XCBuildConfiguration;
			buildSettings = {
				ALWAYS_EMBED_SWIFT_STANDARD_LIBRARIES = YES;
				BUNDLE_LOADER = "$(TEST_HOST)";
				INFOPLIST_FILE = PageTheScrollTests/Info.plist;
				LD_RUNPATH_SEARCH_PATHS = "$(inherited) @executable_path/Frameworks @loader_path/Frameworks";
				PRODUCT_BUNDLE_IDENTIFIER = com.cyberpenguin.PageTheScrollTests;
				PRODUCT_NAME = "$(TARGET_NAME)";
				SWIFT_VERSION = 3.0;
				TEST_HOST = "$(BUILT_PRODUCTS_DIR)/PageTheScroll.app/PageTheScroll";
			};
			name = Release;
		};
		769945021ED3D61B00439D05 /* Debug */ = {
			isa = XCBuildConfiguration;
			buildSettings = {
				ALWAYS_EMBED_SWIFT_STANDARD_LIBRARIES = YES;
				INFOPLIST_FILE = PageTheScrollUITests/Info.plist;
				LD_RUNPATH_SEARCH_PATHS = "$(inherited) @executable_path/Frameworks @loader_path/Frameworks";
				PRODUCT_BUNDLE_IDENTIFIER = com.cyberpenguin.PageTheScrollUITests;
				PRODUCT_NAME = "$(TARGET_NAME)";
				SWIFT_VERSION = 3.0;
				TEST_TARGET_NAME = PageTheScroll;
			};
			name = Debug;
		};
		769945031ED3D61B00439D05 /* Release */ = {
			isa = XCBuildConfiguration;
			buildSettings = {
				ALWAYS_EMBED_SWIFT_STANDARD_LIBRARIES = YES;
				INFOPLIST_FILE = PageTheScrollUITests/Info.plist;
				LD_RUNPATH_SEARCH_PATHS = "$(inherited) @executable_path/Frameworks @loader_path/Frameworks";
				PRODUCT_BUNDLE_IDENTIFIER = com.cyberpenguin.PageTheScrollUITests;
				PRODUCT_NAME = "$(TARGET_NAME)";
				SWIFT_VERSION = 3.0;
				TEST_TARGET_NAME = PageTheScroll;
			};
			name = Release;
		};
/* End XCBuildConfiguration section */

/* Begin XCConfigurationList section */
		769944CE1ED3D61B00439D05 /* Build configuration list for PBXProject "PageTheScroll" */ = {
			isa = XCConfigurationList;
			buildConfigurations = (
				769944F91ED3D61B00439D05 /* Debug */,
				769944FA1ED3D61B00439D05 /* Release */,
			);
			defaultConfigurationIsVisible = 0;
			defaultConfigurationName = Release;
		};
		769944FB1ED3D61B00439D05 /* Build configuration list for PBXNativeTarget "PageTheScroll" */ = {
			isa = XCConfigurationList;
			buildConfigurations = (
				769944FC1ED3D61B00439D05 /* Debug */,
				769944FD1ED3D61B00439D05 /* Release */,
			);
			defaultConfigurationIsVisible = 0;
		};
		769944FE1ED3D61B00439D05 /* Build configuration list for PBXNativeTarget "PageTheScrollTests" */ = {
			isa = XCConfigurationList;
			buildConfigurations = (
				769944FF1ED3D61B00439D05 /* Debug */,
				769945001ED3D61B00439D05 /* Release */,
			);
			defaultConfigurationIsVisible = 0;
		};
		769945011ED3D61B00439D05 /* Build configuration list for PBXNativeTarget "PageTheScrollUITests" */ = {
			isa = XCConfigurationList;
			buildConfigurations = (
				769945021ED3D61B00439D05 /* Debug */,
				769945031ED3D61B00439D05 /* Release */,
			);
			defaultConfigurationIsVisible = 0;
		};
/* End XCConfigurationList section */
	};
	rootObject = 769944CB1ED3D61B00439D05 /* Project object */;
}
